
Microsoft Visual Studio Solution File, Format Version 12.00
# Visual Studio Version 16
VisualStudioVersion = 16.0.29411.108
MinimumVisualStudioVersion = 10.0.40219.1
Project("{FAE04EC0-301F-11D3-BF4B-00C04F79EFBC}") = "Calculator", "Calculator.csproj", "{B88627E7-9D68-4FD8-9EB1-ECA3861ED71D}"
EndProject
Global
	GlobalSection(SolutionConfigurationPlatforms) = preSolution
		Debug|Any CPU = Debug|Any CPU
		Release|Any CPU = Release|Any CPU
	EndGlobalSection
	GlobalSection(ProjectConfigurationPlatforms) = postSolution
		{B88627E7-9D68-4FD8-9EB1-ECA3861ED71D}.Debug|Any CPU.ActiveCfg = Debug|Any CPU
		{B88627E7-9D68-4FD8-9EB1-ECA3861ED71D}.Debug|Any CPU.Build.0 = Debug|Any CPU
		{B88627E7-9D68-4FD8-9EB1-ECA3861ED71D}.Release|Any CPU.ActiveCfg = Release|Any CPU
		{B88627E7-9D68-4FD8-9EB1-ECA3861ED71D}.Release|Any CPU.Build.0 = Release|Any CPU
	EndGlobalSection
	GlobalSection(SolutionProperties) = preSolution
		HideSolutionNode = FALSE
	EndGlobalSection
	GlobalSection(ExtensibilityGlobals) = postSolution
		SolutionGuid = {4699892D-2E93-4435-A3E4-3B05DEE770B4}
	EndGlobalSection
EndGlobal
